
Microsoft Visual Studio Solution File, Format Version 12.00
# Visual Studio Version 18
VisualStudioVersion = 18.2.11415.280
MinimumVisualStudioVersion = 10.0.40219.1
Project("{2150E333-8FDC-42A3-9474-1A3956D46DE8}") = "Solution Items", "Solution Items", "{8EC462FD-D22E-90A8-E5CE-7E832BA40C5D}"
	ProjectSection(SolutionItems) = preProject
		Directory.Build.props = Directory.Build.props
		Directory.Packages.props = Directory.Packages.props
		nuget.config = nuget.config
	EndProjectSection
EndProject
Project("{FAE04EC0-301F-11D3-BF4B-00C04F79EFBC}") = "Devart.AI.McpServer", "Devart.AI.McpServer\Devart.AI.McpServer.csproj", "{51478E82-3D60-4659-BAB7-73D1E4254A2A}"
EndProject
Project("{FAE04EC0-301F-11D3-BF4B-00C04F79EFBC}") = "Devart.AI.McpServer.Odbc", "Devart.AI.McpServer.Odbc\Devart.AI.McpServer.Odbc\Devart.AI.McpServer.Odbc.csproj", "{2F9C1D26-5DB5-4734-BD4B-F9A77C1EB56D}"
EndProject
Project("{FAE04EC0-301F-11D3-BF4B-00C04F79EFBC}") = "Devart.AI.McpServer.Odbc.Firebird", "Devart.AI.McpServer.Odbc\Devart.AI.McpServer.Odbc.Firebird\Devart.AI.McpServer.Odbc.Firebird.csproj", "{E0A9BB21-996D-42F5-BC0E-9D40E9E68644}"
EndProject
Global
	GlobalSection(SolutionConfigurationPlatforms) = preSolution
		DebugFirebird|Any CPU = DebugFirebird|Any CPU
		DebugFirebird|x86 = DebugFirebird|x86
		ReleaseFirebird|Any CPU = ReleaseFirebird|Any CPU
		ReleaseFirebird|x86 = ReleaseFirebird|x86
	EndGlobalSection
	GlobalSection(ProjectConfigurationPlatforms) = postSolution
		{51478E82-3D60-4659-BAB7-73D1E4254A2A}.DebugFirebird|Any CPU.ActiveCfg = Debug|Any CPU
		{51478E82-3D60-4659-BAB7-73D1E4254A2A}.DebugFirebird|Any CPU.Build.0 = Debug|Any CPU
		{51478E82-3D60-4659-BAB7-73D1E4254A2A}.DebugFirebird|x86.ActiveCfg = Debug|x86
		{51478E82-3D60-4659-BAB7-73D1E4254A2A}.DebugFirebird|x86.Build.0 = Debug|x86
		{51478E82-3D60-4659-BAB7-73D1E4254A2A}.ReleaseFirebird|Any CPU.ActiveCfg = Release|Any CPU
		{51478E82-3D60-4659-BAB7-73D1E4254A2A}.ReleaseFirebird|Any CPU.Build.0 = Release|Any CPU
		{51478E82-3D60-4659-BAB7-73D1E4254A2A}.ReleaseFirebird|x86.ActiveCfg = Release|x86
		{51478E82-3D60-4659-BAB7-73D1E4254A2A}.ReleaseFirebird|x86.Build.0 = Release|x86
		{2F9C1D26-5DB5-4734-BD4B-F9A77C1EB56D}.DebugFirebird|Any CPU.ActiveCfg = Debug|Any CPU
		{2F9C1D26-5DB5-4734-BD4B-F9A77C1EB56D}.DebugFirebird|Any CPU.Build.0 = Debug|Any CPU
		{2F9C1D26-5DB5-4734-BD4B-F9A77C1EB56D}.DebugFirebird|x86.ActiveCfg = Debug|x86
		{2F9C1D26-5DB5-4734-BD4B-F9A77C1EB56D}.DebugFirebird|x86.Build.0 = Debug|x86
		{2F9C1D26-5DB5-4734-BD4B-F9A77C1EB56D}.ReleaseFirebird|Any CPU.ActiveCfg = Release|Any CPU
		{2F9C1D26-5DB5-4734-BD4B-F9A77C1EB56D}.ReleaseFirebird|Any CPU.Build.0 = Release|Any CPU
		{2F9C1D26-5DB5-4734-BD4B-F9A77C1EB56D}.ReleaseFirebird|x86.ActiveCfg = Release|x86
		{2F9C1D26-5DB5-4734-BD4B-F9A77C1EB56D}.ReleaseFirebird|x86.Build.0 = Release|x86
		{E0A9BB21-996D-42F5-BC0E-9D40E9E68644}.DebugFirebird|Any CPU.ActiveCfg = DebugFirebird|Any CPU
		{E0A9BB21-996D-42F5-BC0E-9D40E9E68644}.DebugFirebird|Any CPU.Build.0 = DebugFirebird|Any CPU
		{E0A9BB21-996D-42F5-BC0E-9D40E9E68644}.DebugFirebird|x86.ActiveCfg = DebugFirebird|x86
		{E0A9BB21-996D-42F5-BC0E-9D40E9E68644}.DebugFirebird|x86.Build.0 = DebugFirebird|x86
		{E0A9BB21-996D-42F5-BC0E-9D40E9E68644}.ReleaseFirebird|Any CPU.ActiveCfg = ReleaseFirebird|Any CPU
		{E0A9BB21-996D-42F5-BC0E-9D40E9E68644}.ReleaseFirebird|Any CPU.Build.0 = ReleaseFirebird|Any CPU
		{E0A9BB21-996D-42F5-BC0E-9D40E9E68644}.ReleaseFirebird|x86.ActiveCfg = ReleaseFirebird|x86
		{E0A9BB21-996D-42F5-BC0E-9D40E9E68644}.ReleaseFirebird|x86.Build.0 = ReleaseFirebird|x86
	EndGlobalSection
	GlobalSection(SolutionProperties) = preSolution
		HideSolutionNode = FALSE
	EndGlobalSection
	GlobalSection(ExtensibilityGlobals) = postSolution
		SolutionGuid = {456EC27D-1D60-470B-A266-44E164F5B06E}
	EndGlobalSection
	GlobalSection(SharedMSBuildProjectFiles) = preSolution
		Version\Version.projitems*{2f9c1d26-5db5-4734-bd4b-f9a77c1eb56d}*SharedItemsImports = 5
		Version\Version.projitems*{51478e82-3d60-4659-bab7-73d1e4254a2a}*SharedItemsImports = 5
	EndGlobalSection
EndGlobal
